
Microsoft Visual Studio Solution File, Format Version 12.00
# Visual Studio Version 16
VisualStudioVersion = 16.0.29102.190
MinimumVisualStudioVersion = 10.0.40219.1
Project("{FAE04EC0-301F-11D3-BF4B-00C04F79EFBC}") = "DependencyInjection", "DependencyInjection\DependencyInjection.csproj", "{D799B8B6-DCE2-4BFF-838C-A31BAAED4F91}"
EndProject
Global
	GlobalSection(SolutionConfigurationPlatforms) = preSolution
		Debug|Any CPU = Debug|Any CPU
		Release|Any CPU = Release|Any CPU
	EndGlobalSection
	GlobalSection(ProjectConfigurationPlatforms) = postSolution
		{D799B8B6-DCE2-4BFF-838C-A31BAAED4F91}.Debug|Any CPU.ActiveCfg = Debug|Any CPU
		{D799B8B6-DCE2-4BFF-838C-A31BAAED4F91}.Debug|Any CPU.Build.0 = Debug|Any CPU
		{D799B8B6-DCE2-4BFF-838C-A31BAAED4F91}.Release|Any CPU.ActiveCfg = Release|Any CPU
		{D799B8B6-DCE2-4BFF-838C-A31BAAED4F91}.Release|Any CPU.Build.0 = Release|Any CPU
	EndGlobalSection
	GlobalSection(SolutionProperties) = preSolution
		HideSolutionNode = FALSE
	EndGlobalSection
	GlobalSection(ExtensibilityGlobals) = postSolution
		SolutionGuid = {581868E8-4239-4963-A905-9030A90F521E}
	EndGlobalSection
EndGlobal
